
Microsoft Visual Studio Solution File, Format Version 12.00
# Visual Studio Version 17
VisualStudioVersion = 17.1.32319.34
MinimumVisualStudioVersion = 10.0.40219.1
Project("{9A19103F-16F7-4668-BE54-9A1E7A4F7556}") = "DappeRTest", "Dapper\DappeRTest.csproj", "{2D57D16D-D5D1-4F7E-A3EA-FA3E9305B91B}"
EndProject
Project("{2150E333-8FDC-42A3-9474-1A3956D46DE8}") = "Pattern", "Pattern", "{A28F1F2D-FDC9-4CD5-BC71-94AC2887E473}"
EndProject
Project("{2150E333-8FDC-42A3-9474-1A3956D46DE8}") = "RDBMS_ORM", "RDBMS_ORM", "{B346538F-03ED-485C-A743-DDC57CCFAFD2}"
EndProject
Project("{9A19103F-16F7-4668-BE54-9A1E7A4F7556}") = "Database", "Database\Database.csproj", "{A95CD97A-3407-4159-A041-35EB43D3F9FE}"
EndProject
Project("{9A19103F-16F7-4668-BE54-9A1E7A4F7556}") = "EF", "EF\EF.csproj", "{A71C68BB-0D5F-494F-9BE9-40C1F9AB92D8}"
EndProject
Project("{2150E333-8FDC-42A3-9474-1A3956D46DE8}") = "MTest", "MTest", "{B0ED1BC4-CC7B-472E-958C-10CF1E3FADA2}"
EndProject
Project("{9A19103F-16F7-4668-BE54-9A1E7A4F7556}") = "MTest", "MTest\MTest.csproj", "{3B1768E5-54D1-43B8-A81F-B681BF333299}"
EndProject
Project("{2150E333-8FDC-42A3-9474-1A3956D46DE8}") = "Tests", "Tests", "{A560A421-5CC5-4835-B195-B1C2F6559779}"
EndProject
Project("{2150E333-8FDC-42A3-9474-1A3956D46DE8}") = "ASPNET", "ASPNET", "{A3EB49E8-B0EC-4C62-8D6A-F3BFB1AE8D16}"
EndProject
Project("{2150E333-8FDC-42A3-9474-1A3956D46DE8}") = "xUnit", "xUnit", "{EAA16776-C65E-4913-9EFE-8C693E02BFC3}"
EndProject
Project("{FAE04EC0-301F-11D3-BF4B-00C04F79EFBC}") = "WebAPI", "WebAPITest\WebAPI.csproj", "{52D9EC89-E4C6-4E4B-845F-7C60B79F679D}"
EndProject
Project("{FAE04EC0-301F-11D3-BF4B-00C04F79EFBC}") = "xU", "xU\xU.csproj", "{DA3E4897-2851-4CDE-9516-E7C12982ACBE}"
EndProject
Global
	GlobalSection(SolutionConfigurationPlatforms) = preSolution
		Debug|Any CPU = Debug|Any CPU
		Release|Any CPU = Release|Any CPU
	EndGlobalSection
	GlobalSection(ProjectConfigurationPlatforms) = postSolution
		{2D57D16D-D5D1-4F7E-A3EA-FA3E9305B91B}.Debug|Any CPU.ActiveCfg = Debug|Any CPU
		{2D57D16D-D5D1-4F7E-A3EA-FA3E9305B91B}.Debug|Any CPU.Build.0 = Debug|Any CPU
		{2D57D16D-D5D1-4F7E-A3EA-FA3E9305B91B}.Release|Any CPU.ActiveCfg = Release|Any CPU
		{2D57D16D-D5D1-4F7E-A3EA-FA3E9305B91B}.Release|Any CPU.Build.0 = Release|Any CPU
		{A95CD97A-3407-4159-A041-35EB43D3F9FE}.Debug|Any CPU.ActiveCfg = Debug|Any CPU
		{A95CD97A-3407-4159-A041-35EB43D3F9FE}.Debug|Any CPU.Build.0 = Debug|Any CPU
		{A95CD97A-3407-4159-A041-35EB43D3F9FE}.Release|Any CPU.ActiveCfg = Release|Any CPU
		{A95CD97A-3407-4159-A041-35EB43D3F9FE}.Release|Any CPU.Build.0 = Release|Any CPU
		{A71C68BB-0D5F-494F-9BE9-40C1F9AB92D8}.Debug|Any CPU.ActiveCfg = Debug|Any CPU
		{A71C68BB-0D5F-494F-9BE9-40C1F9AB92D8}.Debug|Any CPU.Build.0 = Debug|Any CPU
		{A71C68BB-0D5F-494F-9BE9-40C1F9AB92D8}.Release|Any CPU.ActiveCfg = Release|Any CPU
		{A71C68BB-0D5F-494F-9BE9-40C1F9AB92D8}.Release|Any CPU.Build.0 = Release|Any CPU
		{3B1768E5-54D1-43B8-A81F-B681BF333299}.Debug|Any CPU.ActiveCfg = Debug|Any CPU
		{3B1768E5-54D1-43B8-A81F-B681BF333299}.Debug|Any CPU.Build.0 = Debug|Any CPU
		{3B1768E5-54D1-43B8-A81F-B681BF333299}.Release|Any CPU.ActiveCfg = Release|Any CPU
		{3B1768E5-54D1-43B8-A81F-B681BF333299}.Release|Any CPU.Build.0 = Release|Any CPU
		{52D9EC89-E4C6-4E4B-845F-7C60B79F679D}.Debug|Any CPU.ActiveCfg = Debug|Any CPU
		{52D9EC89-E4C6-4E4B-845F-7C60B79F679D}.Debug|Any CPU.Build.0 = Debug|Any CPU
		{52D9EC89-E4C6-4E4B-845F-7C60B79F679D}.Release|Any CPU.ActiveCfg = Release|Any CPU
		{52D9EC89-E4C6-4E4B-845F-7C60B79F679D}.Release|Any CPU.Build.0 = Release|Any CPU
		{DA3E4897-2851-4CDE-9516-E7C12982ACBE}.Debug|Any CPU.ActiveCfg = Debug|Any CPU
		{DA3E4897-2851-4CDE-9516-E7C12982ACBE}.Debug|Any CPU.Build.0 = Debug|Any CPU
		{DA3E4897-2851-4CDE-9516-E7C12982ACBE}.Release|Any CPU.ActiveCfg = Release|Any CPU
		{DA3E4897-2851-4CDE-9516-E7C12982ACBE}.Release|Any CPU.Build.0 = Release|Any CPU
	EndGlobalSection
	GlobalSection(SolutionProperties) = preSolution
		HideSolutionNode = FALSE
	EndGlobalSection
	GlobalSection(NestedProjects) = preSolution
		{2D57D16D-D5D1-4F7E-A3EA-FA3E9305B91B} = {B346538F-03ED-485C-A743-DDC57CCFAFD2}
		{A95CD97A-3407-4159-A041-35EB43D3F9FE} = {A28F1F2D-FDC9-4CD5-BC71-94AC2887E473}
		{A71C68BB-0D5F-494F-9BE9-40C1F9AB92D8} = {B346538F-03ED-485C-A743-DDC57CCFAFD2}
		{3B1768E5-54D1-43B8-A81F-B681BF333299} = {B0ED1BC4-CC7B-472E-958C-10CF1E3FADA2}
		{EAA16776-C65E-4913-9EFE-8C693E02BFC3} = {A560A421-5CC5-4835-B195-B1C2F6559779}
		{52D9EC89-E4C6-4E4B-845F-7C60B79F679D} = {A3EB49E8-B0EC-4C62-8D6A-F3BFB1AE8D16}
		{DA3E4897-2851-4CDE-9516-E7C12982ACBE} = {EAA16776-C65E-4913-9EFE-8C693E02BFC3}
	EndGlobalSection
	GlobalSection(ExtensibilityGlobals) = postSolution
		SolutionGuid = {5A50617A-A55A-454E-9437-30A26BFCF92B}
	EndGlobalSection
EndGlobal
