
Microsoft Visual Studio Solution File, Format Version 12.00
# Visual Studio Version 17
VisualStudioVersion = 17.1.32319.34
MinimumVisualStudioVersion = 10.0.40219.1
Project("{9A19103F-16F7-4668-BE54-9A1E7A4F7556}") = "DappeRTest", "Dapper\DappeRTest.csproj", "{2D57D16D-D5D1-4F7E-A3EA-FA3E9305B91B}"
EndProject
Project("{2150E333-8FDC-42A3-9474-1A3956D46DE8}") = "Pattern", "Pattern", "{A28F1F2D-FDC9-4CD5-BC71-94AC2887E473}"
EndProject
Project("{2150E333-8FDC-42A3-9474-1A3956D46DE8}") = "RDBMS_ORM", "RDBMS_ORM", "{B346538F-03ED-485C-A743-DDC57CCFAFD2}"
EndProject
Project("{9A19103F-16F7-4668-BE54-9A1E7A4F7556}") = "Database", "Database\Database.csproj", "{A95CD97A-3407-4159-A041-35EB43D3F9FE}"
EndProject
Project("{9A19103F-16F7-4668-BE54-9A1E7A4F7556}") = "EF", "EF\EF.csproj", "{A71C68BB-0D5F-494F-9BE9-40C1F9AB92D8}"
EndProject
Project("{2150E333-8FDC-42A3-9474-1A3956D46DE8}") = "MTest", "MTest", "{B0ED1BC4-CC7B-472E-958C-10CF1E3FADA2}"
EndProject
Project("{9A19103F-16F7-4668-BE54-9A1E7A4F7556}") = "MTest", "MTest\MTest.csproj", "{3B1768E5-54D1-43B8-A81F-B681BF333299}"
EndProject
Project("{2150E333-8FDC-42A3-9474-1A3956D46DE8}") = "Tests", "Tests", "{A560A421-5CC5-4835-B195-B1C2F6559779}"
EndProject
Project("{2150E333-8FDC-42A3-9474-1A3956D46DE8}") = "ASPNET", "ASPNET", "{A3EB49E8-B0EC-4C62-8D6A-F3BFB1AE8D16}"
EndProject
Project("{2150E333-8FDC-42A3-9474-1A3956D46DE8}") = "xUnit", "xUnit", "{EAA16776-C65E-4913-9EFE-8C693E02BFC3}"
EndProject
Project("{9A19103F-16F7-4668-BE54-9A1E7A4F7556}") = "WebAPI", "WebAPITest\WebAPI.csproj", "{52D9EC89-E4C6-4E4B-845F-7C60B79F679D}"
EndProject
Project("{9A19103F-16F7-4668-BE54-9A1E7A4F7556}") = "xU", "xU\xU.csproj", "{DA3E4897-2851-4CDE-9516-E7C12982ACBE}"
EndProject
Project("{9A19103F-16F7-4668-BE54-9A1E7A4F7556}") = "ASPNetCoreMVC", "ASPNetCoreMVC\ASPNetCoreMVC.csproj", "{D1560D80-A10F-4D18-9A3C-5F9F25DC6CDF}"
EndProject
Project("{9A19103F-16F7-4668-BE54-9A1E7A4F7556}") = "EFUoWTest", "EFUoWTest\EFUoWTest.csproj", "{45F293D0-65A7-4519-901A-C0969AD27924}"
EndProject
Project("{9A19103F-16F7-4668-BE54-9A1E7A4F7556}") = "MoqL", "Moq\MoqL.csproj", "{BF0C47C7-337C-4BFF-B842-3B6C44C12DBD}"
EndProject
Project("{2150E333-8FDC-42A3-9474-1A3956D46DE8}") = "myCloud", "myCloud", "{C44AC481-479B-490A-AD45-1C130DB9807B}"
EndProject
Project("{2150E333-8FDC-42A3-9474-1A3956D46DE8}") = "MediatorR", "MediatorR", "{16999684-AAEF-425F-AB9A-3C90424DB21E}"
EndProject
Project("{9A19103F-16F7-4668-BE54-9A1E7A4F7556}") = "DataLib", "DataLib\DataLib.csproj", "{0CF05CBA-009E-4882-815B-AD59C176544D}"
EndProject
Project("{9A19103F-16F7-4668-BE54-9A1E7A4F7556}") = "BlazorUI", "BlazorUI\BlazorUI.csproj", "{3D08C5A3-E449-4700-BD0F-C90A055C312C}"
EndProject
Project("{2150E333-8FDC-42A3-9474-1A3956D46DE8}") = "DAL", "DAL", "{EAB00F60-21D6-40CC-8C0B-FF9B47EDFFA5}"
EndProject
Project("{9A19103F-16F7-4668-BE54-9A1E7A4F7556}") = "myCloudDAL", "myCloudDAL\myCloudDAL.csproj", "{C0EC3681-D9D8-495B-8A2E-8911999CA720}"
EndProject
Project("{2150E333-8FDC-42A3-9474-1A3956D46DE8}") = "DI", "DI", "{B9A8B36E-872C-4F8E-B5EF-7FA696C39670}"
EndProject
Project("{2150E333-8FDC-42A3-9474-1A3956D46DE8}") = "Autofac", "Autofac", "{0330829E-2575-44F5-A302-BA0B447F68C0}"
EndProject
Project("{9A19103F-16F7-4668-BE54-9A1E7A4F7556}") = "DemoLibrary", "DemoLib\DemoLibrary.csproj", "{E28242B2-6DED-4D26-A6D0-CAB361FAEAC5}"
EndProject
Project("{9A19103F-16F7-4668-BE54-9A1E7A4F7556}") = "ConsoleUI", "ConsoleUI\ConsoleUI.csproj", "{6D34923C-CFBD-4DD8-908F-22D86A58FA65}"
EndProject
Project("{2150E333-8FDC-42A3-9474-1A3956D46DE8}") = "BLL", "BLL", "{7E1EF949-84C0-4522-B372-ADA576581761}"
EndProject
Project("{2150E333-8FDC-42A3-9474-1A3956D46DE8}") = "PL", "PL", "{5364B417-04B2-4D1C-80C4-8F690EA1A889}"
EndProject
Project("{2150E333-8FDC-42A3-9474-1A3956D46DE8}") = "Core", "Core", "{29B2A50F-B5F2-439F-9C68-49EC82B16808}"
EndProject
Project("{9A19103F-16F7-4668-BE54-9A1E7A4F7556}") = "Core", "Core\Core.csproj", "{A3C4D3F6-CF6F-4CC9-83F0-55508FDDC62A}"
EndProject
Project("{2150E333-8FDC-42A3-9474-1A3956D46DE8}") = "DTO", "DTO", "{D238E48D-EBAE-4764-A18D-CB2A9F5F1D95}"
EndProject
Project("{2150E333-8FDC-42A3-9474-1A3956D46DE8}") = "FileSystem", "FileSystem", "{D649A84B-38F2-4CDA-8303-95DF70315B7D}"
EndProject
Project("{9A19103F-16F7-4668-BE54-9A1E7A4F7556}") = "FileSystemLoader", "FileSystemLoader\FileSystemLoader.csproj", "{76C5AA28-D927-46FA-B13F-6DD952193964}"
EndProject
Project("{9A19103F-16F7-4668-BE54-9A1E7A4F7556}") = "EventSourcing", "EventSourcing\EventSourcing.csproj", "{95F4236B-C981-423B-860E-2FC5333F85BA}"
EndProject
Project("{2150E333-8FDC-42A3-9474-1A3956D46DE8}") = "Real-Time Communication", "Real-Time Communication", "{9288F804-7620-4A23-98CB-D73A3B070A6B}"
EndProject
Project("{2150E333-8FDC-42A3-9474-1A3956D46DE8}") = "SignalR", "SignalR", "{A6C4DB5F-B0CE-4FA4-B8DE-C6084C925AC9}"
EndProject
Project("{FAE04EC0-301F-11D3-BF4B-00C04F79EFBC}") = "BlazorServerApp", "BlazorServerApp\BlazorServerApp.csproj", "{F451E4D0-B5D0-4844-A843-C1406510ADAC}"
EndProject
Global
	GlobalSection(SolutionConfigurationPlatforms) = preSolution
		Debug|Any CPU = Debug|Any CPU
		Release|Any CPU = Release|Any CPU
	EndGlobalSection
	GlobalSection(ProjectConfigurationPlatforms) = postSolution
		{2D57D16D-D5D1-4F7E-A3EA-FA3E9305B91B}.Debug|Any CPU.ActiveCfg = Debug|Any CPU
		{2D57D16D-D5D1-4F7E-A3EA-FA3E9305B91B}.Debug|Any CPU.Build.0 = Debug|Any CPU
		{2D57D16D-D5D1-4F7E-A3EA-FA3E9305B91B}.Release|Any CPU.ActiveCfg = Release|Any CPU
		{2D57D16D-D5D1-4F7E-A3EA-FA3E9305B91B}.Release|Any CPU.Build.0 = Release|Any CPU
		{A95CD97A-3407-4159-A041-35EB43D3F9FE}.Debug|Any CPU.ActiveCfg = Debug|Any CPU
		{A95CD97A-3407-4159-A041-35EB43D3F9FE}.Debug|Any CPU.Build.0 = Debug|Any CPU
		{A95CD97A-3407-4159-A041-35EB43D3F9FE}.Release|Any CPU.ActiveCfg = Release|Any CPU
		{A95CD97A-3407-4159-A041-35EB43D3F9FE}.Release|Any CPU.Build.0 = Release|Any CPU
		{A71C68BB-0D5F-494F-9BE9-40C1F9AB92D8}.Debug|Any CPU.ActiveCfg = Debug|Any CPU
		{A71C68BB-0D5F-494F-9BE9-40C1F9AB92D8}.Debug|Any CPU.Build.0 = Debug|Any CPU
		{A71C68BB-0D5F-494F-9BE9-40C1F9AB92D8}.Release|Any CPU.ActiveCfg = Release|Any CPU
		{A71C68BB-0D5F-494F-9BE9-40C1F9AB92D8}.Release|Any CPU.Build.0 = Release|Any CPU
		{3B1768E5-54D1-43B8-A81F-B681BF333299}.Debug|Any CPU.ActiveCfg = Debug|Any CPU
		{3B1768E5-54D1-43B8-A81F-B681BF333299}.Debug|Any CPU.Build.0 = Debug|Any CPU
		{3B1768E5-54D1-43B8-A81F-B681BF333299}.Release|Any CPU.ActiveCfg = Release|Any CPU
		{3B1768E5-54D1-43B8-A81F-B681BF333299}.Release|Any CPU.Build.0 = Release|Any CPU
		{52D9EC89-E4C6-4E4B-845F-7C60B79F679D}.Debug|Any CPU.ActiveCfg = Debug|Any CPU
		{52D9EC89-E4C6-4E4B-845F-7C60B79F679D}.Debug|Any CPU.Build.0 = Debug|Any CPU
		{52D9EC89-E4C6-4E4B-845F-7C60B79F679D}.Release|Any CPU.ActiveCfg = Release|Any CPU
		{52D9EC89-E4C6-4E4B-845F-7C60B79F679D}.Release|Any CPU.Build.0 = Release|Any CPU
		{DA3E4897-2851-4CDE-9516-E7C12982ACBE}.Debug|Any CPU.ActiveCfg = Debug|Any CPU
		{DA3E4897-2851-4CDE-9516-E7C12982ACBE}.Debug|Any CPU.Build.0 = Debug|Any CPU
		{DA3E4897-2851-4CDE-9516-E7C12982ACBE}.Release|Any CPU.ActiveCfg = Release|Any CPU
		{DA3E4897-2851-4CDE-9516-E7C12982ACBE}.Release|Any CPU.Build.0 = Release|Any CPU
		{D1560D80-A10F-4D18-9A3C-5F9F25DC6CDF}.Debug|Any CPU.ActiveCfg = Debug|Any CPU
		{D1560D80-A10F-4D18-9A3C-5F9F25DC6CDF}.Debug|Any CPU.Build.0 = Debug|Any CPU
		{D1560D80-A10F-4D18-9A3C-5F9F25DC6CDF}.Release|Any CPU.ActiveCfg = Release|Any CPU
		{D1560D80-A10F-4D18-9A3C-5F9F25DC6CDF}.Release|Any CPU.Build.0 = Release|Any CPU
		{45F293D0-65A7-4519-901A-C0969AD27924}.Debug|Any CPU.ActiveCfg = Debug|Any CPU
		{45F293D0-65A7-4519-901A-C0969AD27924}.Debug|Any CPU.Build.0 = Debug|Any CPU
		{45F293D0-65A7-4519-901A-C0969AD27924}.Release|Any CPU.ActiveCfg = Release|Any CPU
		{45F293D0-65A7-4519-901A-C0969AD27924}.Release|Any CPU.Build.0 = Release|Any CPU
		{BF0C47C7-337C-4BFF-B842-3B6C44C12DBD}.Debug|Any CPU.ActiveCfg = Debug|Any CPU
		{BF0C47C7-337C-4BFF-B842-3B6C44C12DBD}.Debug|Any CPU.Build.0 = Debug|Any CPU
		{BF0C47C7-337C-4BFF-B842-3B6C44C12DBD}.Release|Any CPU.ActiveCfg = Release|Any CPU
		{BF0C47C7-337C-4BFF-B842-3B6C44C12DBD}.Release|Any CPU.Build.0 = Release|Any CPU
		{0CF05CBA-009E-4882-815B-AD59C176544D}.Debug|Any CPU.ActiveCfg = Debug|Any CPU
		{0CF05CBA-009E-4882-815B-AD59C176544D}.Debug|Any CPU.Build.0 = Debug|Any CPU
		{0CF05CBA-009E-4882-815B-AD59C176544D}.Release|Any CPU.ActiveCfg = Release|Any CPU
		{0CF05CBA-009E-4882-815B-AD59C176544D}.Release|Any CPU.Build.0 = Release|Any CPU
		{3D08C5A3-E449-4700-BD0F-C90A055C312C}.Debug|Any CPU.ActiveCfg = Debug|Any CPU
		{3D08C5A3-E449-4700-BD0F-C90A055C312C}.Debug|Any CPU.Build.0 = Debug|Any CPU
		{3D08C5A3-E449-4700-BD0F-C90A055C312C}.Release|Any CPU.ActiveCfg = Release|Any CPU
		{3D08C5A3-E449-4700-BD0F-C90A055C312C}.Release|Any CPU.Build.0 = Release|Any CPU
		{C0EC3681-D9D8-495B-8A2E-8911999CA720}.Debug|Any CPU.ActiveCfg = Debug|Any CPU
		{C0EC3681-D9D8-495B-8A2E-8911999CA720}.Debug|Any CPU.Build.0 = Debug|Any CPU
		{C0EC3681-D9D8-495B-8A2E-8911999CA720}.Release|Any CPU.ActiveCfg = Release|Any CPU
		{C0EC3681-D9D8-495B-8A2E-8911999CA720}.Release|Any CPU.Build.0 = Release|Any CPU
		{E28242B2-6DED-4D26-A6D0-CAB361FAEAC5}.Debug|Any CPU.ActiveCfg = Debug|Any CPU
		{E28242B2-6DED-4D26-A6D0-CAB361FAEAC5}.Debug|Any CPU.Build.0 = Debug|Any CPU
		{E28242B2-6DED-4D26-A6D0-CAB361FAEAC5}.Release|Any CPU.ActiveCfg = Release|Any CPU
		{E28242B2-6DED-4D26-A6D0-CAB361FAEAC5}.Release|Any CPU.Build.0 = Release|Any CPU
		{6D34923C-CFBD-4DD8-908F-22D86A58FA65}.Debug|Any CPU.ActiveCfg = Debug|Any CPU
		{6D34923C-CFBD-4DD8-908F-22D86A58FA65}.Debug|Any CPU.Build.0 = Debug|Any CPU
		{6D34923C-CFBD-4DD8-908F-22D86A58FA65}.Release|Any CPU.ActiveCfg = Release|Any CPU
		{6D34923C-CFBD-4DD8-908F-22D86A58FA65}.Release|Any CPU.Build.0 = Release|Any CPU
		{A3C4D3F6-CF6F-4CC9-83F0-55508FDDC62A}.Debug|Any CPU.ActiveCfg = Debug|Any CPU
		{A3C4D3F6-CF6F-4CC9-83F0-55508FDDC62A}.Debug|Any CPU.Build.0 = Debug|Any CPU
		{A3C4D3F6-CF6F-4CC9-83F0-55508FDDC62A}.Release|Any CPU.ActiveCfg = Release|Any CPU
		{A3C4D3F6-CF6F-4CC9-83F0-55508FDDC62A}.Release|Any CPU.Build.0 = Release|Any CPU
		{76C5AA28-D927-46FA-B13F-6DD952193964}.Debug|Any CPU.ActiveCfg = Debug|Any CPU
		{76C5AA28-D927-46FA-B13F-6DD952193964}.Debug|Any CPU.Build.0 = Debug|Any CPU
		{76C5AA28-D927-46FA-B13F-6DD952193964}.Release|Any CPU.ActiveCfg = Release|Any CPU
		{76C5AA28-D927-46FA-B13F-6DD952193964}.Release|Any CPU.Build.0 = Release|Any CPU
		{95F4236B-C981-423B-860E-2FC5333F85BA}.Debug|Any CPU.ActiveCfg = Debug|Any CPU
		{95F4236B-C981-423B-860E-2FC5333F85BA}.Debug|Any CPU.Build.0 = Debug|Any CPU
		{95F4236B-C981-423B-860E-2FC5333F85BA}.Release|Any CPU.ActiveCfg = Release|Any CPU
		{95F4236B-C981-423B-860E-2FC5333F85BA}.Release|Any CPU.Build.0 = Release|Any CPU
		{F451E4D0-B5D0-4844-A843-C1406510ADAC}.Debug|Any CPU.ActiveCfg = Debug|Any CPU
		{F451E4D0-B5D0-4844-A843-C1406510ADAC}.Debug|Any CPU.Build.0 = Debug|Any CPU
		{F451E4D0-B5D0-4844-A843-C1406510ADAC}.Release|Any CPU.ActiveCfg = Release|Any CPU
		{F451E4D0-B5D0-4844-A843-C1406510ADAC}.Release|Any CPU.Build.0 = Release|Any CPU
	EndGlobalSection
	GlobalSection(SolutionProperties) = preSolution
		HideSolutionNode = FALSE
	EndGlobalSection
	GlobalSection(NestedProjects) = preSolution
		{2D57D16D-D5D1-4F7E-A3EA-FA3E9305B91B} = {B346538F-03ED-485C-A743-DDC57CCFAFD2}
		{A95CD97A-3407-4159-A041-35EB43D3F9FE} = {A28F1F2D-FDC9-4CD5-BC71-94AC2887E473}
		{A71C68BB-0D5F-494F-9BE9-40C1F9AB92D8} = {B346538F-03ED-485C-A743-DDC57CCFAFD2}
		{3B1768E5-54D1-43B8-A81F-B681BF333299} = {B0ED1BC4-CC7B-472E-958C-10CF1E3FADA2}
		{EAA16776-C65E-4913-9EFE-8C693E02BFC3} = {A560A421-5CC5-4835-B195-B1C2F6559779}
		{52D9EC89-E4C6-4E4B-845F-7C60B79F679D} = {A3EB49E8-B0EC-4C62-8D6A-F3BFB1AE8D16}
		{DA3E4897-2851-4CDE-9516-E7C12982ACBE} = {EAA16776-C65E-4913-9EFE-8C693E02BFC3}
		{D1560D80-A10F-4D18-9A3C-5F9F25DC6CDF} = {A3EB49E8-B0EC-4C62-8D6A-F3BFB1AE8D16}
		{45F293D0-65A7-4519-901A-C0969AD27924} = {EAA16776-C65E-4913-9EFE-8C693E02BFC3}
		{BF0C47C7-337C-4BFF-B842-3B6C44C12DBD} = {A560A421-5CC5-4835-B195-B1C2F6559779}
		{16999684-AAEF-425F-AB9A-3C90424DB21E} = {A28F1F2D-FDC9-4CD5-BC71-94AC2887E473}
		{0CF05CBA-009E-4882-815B-AD59C176544D} = {16999684-AAEF-425F-AB9A-3C90424DB21E}
		{3D08C5A3-E449-4700-BD0F-C90A055C312C} = {16999684-AAEF-425F-AB9A-3C90424DB21E}
		{EAB00F60-21D6-40CC-8C0B-FF9B47EDFFA5} = {C44AC481-479B-490A-AD45-1C130DB9807B}
		{C0EC3681-D9D8-495B-8A2E-8911999CA720} = {EAB00F60-21D6-40CC-8C0B-FF9B47EDFFA5}
		{0330829E-2575-44F5-A302-BA0B447F68C0} = {B9A8B36E-872C-4F8E-B5EF-7FA696C39670}
		{E28242B2-6DED-4D26-A6D0-CAB361FAEAC5} = {0330829E-2575-44F5-A302-BA0B447F68C0}
		{6D34923C-CFBD-4DD8-908F-22D86A58FA65} = {0330829E-2575-44F5-A302-BA0B447F68C0}
		{7E1EF949-84C0-4522-B372-ADA576581761} = {C44AC481-479B-490A-AD45-1C130DB9807B}
		{5364B417-04B2-4D1C-80C4-8F690EA1A889} = {C44AC481-479B-490A-AD45-1C130DB9807B}
		{29B2A50F-B5F2-439F-9C68-49EC82B16808} = {7E1EF949-84C0-4522-B372-ADA576581761}
		{A3C4D3F6-CF6F-4CC9-83F0-55508FDDC62A} = {29B2A50F-B5F2-439F-9C68-49EC82B16808}
		{D238E48D-EBAE-4764-A18D-CB2A9F5F1D95} = {7E1EF949-84C0-4522-B372-ADA576581761}
		{D649A84B-38F2-4CDA-8303-95DF70315B7D} = {7E1EF949-84C0-4522-B372-ADA576581761}
		{76C5AA28-D927-46FA-B13F-6DD952193964} = {D649A84B-38F2-4CDA-8303-95DF70315B7D}
		{95F4236B-C981-423B-860E-2FC5333F85BA} = {A28F1F2D-FDC9-4CD5-BC71-94AC2887E473}
		{A6C4DB5F-B0CE-4FA4-B8DE-C6084C925AC9} = {9288F804-7620-4A23-98CB-D73A3B070A6B}
		{F451E4D0-B5D0-4844-A843-C1406510ADAC} = {A6C4DB5F-B0CE-4FA4-B8DE-C6084C925AC9}
	EndGlobalSection
	GlobalSection(ExtensibilityGlobals) = postSolution
		SolutionGuid = {5A50617A-A55A-454E-9437-30A26BFCF92B}
	EndGlobalSection
EndGlobal
